
Microsoft Visual Studio Solution File, Format Version 12.00
# Visual Studio Version 16
VisualStudioVersion = 16.0.29123.88
MinimumVisualStudioVersion = 10.0.40219.1
Project("{FAE04EC0-301F-11D3-BF4B-00C04F79EFBC}") = "Ec2Dashboard", "Ec2Dashboard\Ec2Dashboard.csproj", "{E1EA2EBF-D9EB-4E59-8481-EBF6DD50B989}"
EndProject
Project("{FAE04EC0-301F-11D3-BF4B-00C04F79EFBC}") = "Ec2Communicator", "Ec2Communicator\Ec2Communicator.csproj", "{741DAAB1-64E7-4AE0-A855-4A4F0362C292}"
EndProject
Project("{FAE04EC0-301F-11D3-BF4B-00C04F79EFBC}") = "DataTypeMapping", "DataMapping\DataTypeMapping.csproj", "{A1DFAC0D-A138-4155-9EE7-7DE64F376EB5}"
EndProject
Global
	GlobalSection(SolutionConfigurationPlatforms) = preSolution
		Debug|Any CPU = Debug|Any CPU
		Release|Any CPU = Release|Any CPU
	EndGlobalSection
	GlobalSection(ProjectConfigurationPlatforms) = postSolution
		{E1EA2EBF-D9EB-4E59-8481-EBF6DD50B989}.Debug|Any CPU.ActiveCfg = Debug|Any CPU
		{E1EA2EBF-D9EB-4E59-8481-EBF6DD50B989}.Debug|Any CPU.Build.0 = Debug|Any CPU
		{E1EA2EBF-D9EB-4E59-8481-EBF6DD50B989}.Release|Any CPU.ActiveCfg = Release|Any CPU
		{E1EA2EBF-D9EB-4E59-8481-EBF6DD50B989}.Release|Any CPU.Build.0 = Release|Any CPU
		{741DAAB1-64E7-4AE0-A855-4A4F0362C292}.Debug|Any CPU.ActiveCfg = Debug|Any CPU
		{741DAAB1-64E7-4AE0-A855-4A4F0362C292}.Debug|Any CPU.Build.0 = Debug|Any CPU
		{741DAAB1-64E7-4AE0-A855-4A4F0362C292}.Release|Any CPU.ActiveCfg = Release|Any CPU
		{741DAAB1-64E7-4AE0-A855-4A4F0362C292}.Release|Any CPU.Build.0 = Release|Any CPU
		{A1DFAC0D-A138-4155-9EE7-7DE64F376EB5}.Debug|Any CPU.ActiveCfg = Debug|Any CPU
		{A1DFAC0D-A138-4155-9EE7-7DE64F376EB5}.Debug|Any CPU.Build.0 = Debug|Any CPU
		{A1DFAC0D-A138-4155-9EE7-7DE64F376EB5}.Release|Any CPU.ActiveCfg = Release|Any CPU
		{A1DFAC0D-A138-4155-9EE7-7DE64F376EB5}.Release|Any CPU.Build.0 = Release|Any CPU
	EndGlobalSection
	GlobalSection(SolutionProperties) = preSolution
		HideSolutionNode = FALSE
	EndGlobalSection
	GlobalSection(ExtensibilityGlobals) = postSolution
		SolutionGuid = {EABB92F2-7164-4580-A076-67EAFBC05955}
	EndGlobalSection
EndGlobal
